# Generated by pub
# See https://dart.dev/tools/pub/glossary#lockfile
packages:
  archive:
    dependency: transitive
    description:
      name: archive
      sha256: a96e8b390886ee8abb49b7bd3ac8df6f451c621619f52a26e815fdcf568959ff
      url: "https://pub.tarazerp.ir"
    source: hosted
    version: "4.0.9"
  async:
    dependency: transitive
    description:
      name: async
      sha256: e2eb0491ba5ddb6177742d2da23904574082139b07c1e33b8503b9f46f3e1a37
      url: "https://pub.tarazerp.ir"
    source: hosted
    version: "2.13.1"
  boolean_selector:
    dependency: transitive
    description:
      name: boolean_selector
      sha256: ecafba3f5e48cd971483fe79d36f493d3220863211d78692b433d40c4f2260e1
      url: "https://pub.tarazerp.ir"
    source: hosted
    version: "2.1.2"
  characters:
    dependency: transitive
    description:
      name: characters
      sha256: faf38497bda5ead2a8c7615f4f7939df04333478bf32e4173fcb06d428b5716b
      url: "https://pub.tarazerp.ir"
    source: hosted
    version: "1.4.1"
  clock:
    dependency: transitive
    description:
      name: clock
      sha256: b58524664d681fb915b754a05008ae3f3418109d991a154083cee84262e6a7ec
      url: "https://pub.tarazerp.ir"
    source: hosted
    version: "1.1.2"
  collection:
    dependency: "direct main"
    description:
      name: collection
      sha256: "5d71ff3ceecc30fbb8c4c9e3386cd6d1b5be2b03de53713f7c0fef65d013bbf5"
      url: "https://pub.tarazerp.ir"
    source: hosted
    version: "1.19.1"
  cupertino_icons:
    dependency: "direct main"
    description:
      name: cupertino_icons
      sha256: "41e005c33bd814be4d3096aff55b1908d419fde52ca656c8c47719ec745873cd"
      url: "https://pub.tarazerp.ir"
    source: hosted
    version: "1.0.9"
  fake_async:
    dependency: transitive
    description:
      name: fake_async
      sha256: "8547de021ebe5d3cf0f3b956c9981a846eb8d529f4e6f005d235913c8ea73d01"
      url: "https://pub.tarazerp.ir"
    source: hosted
    version: "1.3.3"
  ffi:
    dependency: transitive
    description:
      name: ffi
      sha256: "6d7fd89431262d8f3125e81b50d3847a091d846eafcd4fdb88dd06f36d705a45"
      url: "https://pub.tarazerp.ir"
    source: hosted
    version: "2.2.0"
  flutter:
    dependency: "direct main"
    description: flutter
    source: sdk
    version: "0.0.0"
  flutter_lints:
    dependency: "direct dev"
    description:
      name: flutter_lints
      sha256: "2bf3b46e83325cf1327e3537b8d5ec223fbe9d8d6208498a277ff90cbdcfa950"
      url: "https://pub.tarazerp.ir"
    source: hosted
    version: "6.0.0"
  flutter_test:
    dependency: "direct dev"
    description: flutter
    source: sdk
    version: "0.0.0"
  http:
    dependency: "direct main"
    description:
      name: http
      sha256: "87721a4a50b19c7f1d49001e51409bddc46303966ce89a65af4f4e6004896412"
      url: "https://pub.tarazerp.ir"
    source: hosted
    version: "1.6.0"
  http_parser:
    dependency: transitive
    description:
      name: http_parser
      sha256: "178d74305e7866013777bab2c3d8726205dc5a4dd935297175b19a23a2e66571"
      url: "https://pub.tarazerp.ir"
    source: hosted
    version: "4.1.2"
  leak_tracker:
    dependency: transitive
    description:
      name: leak_tracker
      sha256: "182f2b7b157b8f2504793e3ecd66b8a4e322e1698ef7ab00a9453ef047e95b10"
      url: "https://pub.tarazerp.ir"
    source: hosted
    version: "11.0.2"
  leak_tracker_flutter_testing:
    dependency: transitive
    description:
      name: leak_tracker_flutter_testing
      sha256: "33ba21dd2e0aebdb829b1c87817c37c0c8957fc2689837189305fd35acdd6f8a"
      url: "https://pub.tarazerp.ir"
    source: hosted
    version: "3.0.10"
  leak_tracker_testing:
    dependency: transitive
    description:
      name: leak_tracker_testing
      sha256: "1c8c9f8288a8498abc17d86224b4ea6c54e2a74b7df272b580c7c35b7e94a0e9"
      url: "https://pub.tarazerp.ir"
    source: hosted
    version: "3.0.2"
  lints:
    dependency: transitive
    description:
      name: lints
      sha256: "12f842a479589fea194fe5c5a3095abc7be0c1f2ddfa9a0e76aed1dbd26a87df"
      url: "https://pub.tarazerp.ir"
    source: hosted
    version: "6.1.0"
  logging:
    dependency: transitive
    description:
      name: logging
      sha256: "127e09b93ceefa2e268a422288520511e468662778993ec12b5e51e8a0cb68c4"
      url: "https://pub.tarazerp.ir"
    source: hosted
    version: "1.3.0"
  lottie:
    dependency: "direct main"
    description:
      name: lottie
      sha256: "2ee9243e207c8cfb7cc65cf98eda44377f388bc280d15e3b1c54da24c6e9e5bb"
      url: "https://pub.tarazerp.ir"
    source: hosted
    version: "3.3.2"
  matcher:
    dependency: transitive
    description:
      name: matcher
      sha256: "12956d0ad8390bbcc63ca2e1469c0619946ccb52809807067a7020d57e647aa6"
      url: "https://pub.tarazerp.ir"
    source: hosted
    version: "0.12.18"
  material_color_utilities:
    dependency: transitive
    description:
      name: material_color_utilities
      sha256: "9c337007e82b1889149c82ed242ed1cb24a66044e30979c44912381e9be4c48b"
      url: "https://pub.tarazerp.ir"
    source: hosted
    version: "0.13.0"
  meta:
    dependency: transitive
    description:
      name: meta
      sha256: "4152ac43e97bc2d6293d8279044dfd69dc0ff993aa38dd0707120fa3692da3d9"
      url: "https://pub.tarazerp.ir"
    source: hosted
    version: "1.17.0"
  path:
    dependency: transitive
    description:
      name: path
      sha256: f2ddc9037096de7b32a4343e48813d4641eae7f9d0359a058e412e3dac12ff97
      url: "https://pub.tarazerp.ir"
    source: hosted
    version: "1.9.1"
  posix:
    dependency: transitive
    description:
      name: posix
      sha256: "185ef7606574f789b40f289c233efa52e96dead518aed988e040a10737febb07"
      url: "https://pub.tarazerp.ir"
    source: hosted
    version: "6.5.0"
  sky_engine:
    dependency: transitive
    description: flutter
    source: sdk
    version: "0.0.0"
  socket_io_client:
    dependency: "direct main"
    description:
      name: socket_io_client
      sha256: ef6c989e5eee8d04baf18482ec3d7699b91bc41e279794a99d8e3bef897b074a
      url: "https://pub.tarazerp.ir"
    source: hosted
    version: "3.1.4"
  socket_io_common:
    dependency: transitive
    description:
      name: socket_io_common
      sha256: "162fbaecbf4bf9a9372a62a341b3550b51dcef2f02f3e5830a297fd48203d45b"
      url: "https://pub.tarazerp.ir"
    source: hosted
    version: "3.1.1"
  source_span:
    dependency: transitive
    description:
      name: source_span
      sha256: "56a02f1f4cd1a2d96303c0144c93bd6d909eea6bee6bf5a0e0b685edbd4c47ab"
      url: "https://pub.tarazerp.ir"
    source: hosted
    version: "1.10.2"
  stack_trace:
    dependency: transitive
    description:
      name: stack_trace
      sha256: "0037d7a0e3e3c9a547c7f29661d086af41d5cc0d59951e9760647339c17da7e7"
      url: "https://pub.tarazerp.ir"
    source: hosted
    version: "1.12.1"
  stream_channel:
    dependency: transitive
    description:
      name: stream_channel
      sha256: "85021f7502ce19ba9bc6022b046e00d70b3b7dbc2531fbfe719ac917de9e4cad"
      url: "https://pub.tarazerp.ir"
    source: hosted
    version: "2.1.4"
  string_scanner:
    dependency: transitive
    description:
      name: string_scanner
      sha256: e636974dffeaf897e85e534ac4def377a2b520ee3f663ddd132f7f66e75c3d6d
      url: "https://pub.tarazerp.ir"
    source: hosted
    version: "1.4.1"
  term_glyph:
    dependency: transitive
    description:
      name: term_glyph
      sha256: d6ea57eeb1944bea325d29cc207d3c2a24b254350100eb6663f5d0eba12ecc3b
      url: "https://pub.tarazerp.ir"
    source: hosted
    version: "1.2.2"
  test_api:
    dependency: transitive
    description:
      name: test_api
      sha256: "93167629bfc610f71560ab9312acdda4959de4df6fac7492c89ff0d3886f6636"
      url: "https://pub.tarazerp.ir"
    source: hosted
    version: "0.7.9"
  typed_data:
    dependency: transitive
    description:
      name: typed_data
      sha256: f9049c039ebfeb4cf7a7104a675823cd72dba8297f264b6637062516699fa006
      url: "https://pub.tarazerp.ir"
    source: hosted
    version: "1.4.0"
  vector_math:
    dependency: transitive
    description:
      name: vector_math
      sha256: e2f2aa37c4ef504cba572a93f01bcf389ac10489c6e499ee5d122d274a375077
      url: "https://pub.tarazerp.ir"
    source: hosted
    version: "2.2.0"
  vm_service:
    dependency: transitive
    description:
      name: vm_service
      sha256: dac93c8aec55ce115fa4a6500b3a15f24e1debbaa7248d460ca5e6df756f68aa
      url: "https://pub.tarazerp.ir"
    source: hosted
    version: "15.0.2"
  web:
    dependency: transitive
    description:
      name: web
      sha256: "5c6c9073f204d3015d106b3ab6c93034dc477d2158c338d3471b309869344662"
      url: "https://pub.tarazerp.ir"
    source: hosted
    version: "1.1.1"
sdks:
  dart: ">=3.10.4 <4.0.0"
  flutter: ">=3.35.0"
